
Microsoft Visual Studio Solution File, Format Version 12.00
# Visual Studio Version 17
VisualStudioVersion = 17.0.31912.275
MinimumVisualStudioVersion = 10.0.40219.1
Project("{FAE04EC0-301F-11D3-BF4B-00C04F79EFBC}") = "Stok_Takip_Otomasyonu", "Stok_Takip_Otomasyonu.csproj", "{0DDA722E-F50A-4E50-826F-344D47DB428A}"
EndProject
Global
	GlobalSection(SolutionConfigurationPlatforms) = preSolution
		Debug|Any CPU = Debug|Any CPU
		Release|Any CPU = Release|Any CPU
	EndGlobalSection
	GlobalSection(ProjectConfigurationPlatforms) = postSolution
		{0DDA722E-F50A-4E50-826F-344D47DB428A}.Debug|Any CPU.ActiveCfg = Debug|Any CPU
		{0DDA722E-F50A-4E50-826F-344D47DB428A}.Debug|Any CPU.Build.0 = Debug|Any CPU
		{0DDA722E-F50A-4E50-826F-344D47DB428A}.Release|Any CPU.ActiveCfg = Release|Any CPU
		{0DDA722E-F50A-4E50-826F-344D47DB428A}.Release|Any CPU.Build.0 = Release|Any CPU
	EndGlobalSection
	GlobalSection(SolutionProperties) = preSolution
		HideSolutionNode = FALSE
	EndGlobalSection
	GlobalSection(ExtensibilityGlobals) = postSolution
		SolutionGuid = {4062945C-6C1D-44D3-B310-5BFD11C0A19D}
	EndGlobalSection
EndGlobal
